
Microsoft Visual Studio Solution File, Format Version 12.00
# Visual Studio 15
VisualStudioVersion = 15.0.28307.136
MinimumVisualStudioVersion = 10.0.40219.1
Project("{9A19103F-16F7-4668-BE54-9A1E7A4F7556}") = "util.core", "util.core\util.core.csproj", "{24DAB4D1-E36E-4F79-BDB6-39B11C4D98DD}"
EndProject
Project("{FAE04EC0-301F-11D3-BF4B-00C04F79EFBC}") = "core.util", "core.util\core.util.csproj", "{AC771B7A-0861-45C4-A5CF-7EBCA2B46B58}"
EndProject
Global
	GlobalSection(SolutionConfigurationPlatforms) = preSolution
		Debug|Any CPU = Debug|Any CPU
		Release|Any CPU = Release|Any CPU
	EndGlobalSection
	GlobalSection(ProjectConfigurationPlatforms) = postSolution
		{24DAB4D1-E36E-4F79-BDB6-39B11C4D98DD}.Debug|Any CPU.ActiveCfg = Debug|Any CPU
		{24DAB4D1-E36E-4F79-BDB6-39B11C4D98DD}.Debug|Any CPU.Build.0 = Debug|Any CPU
		{24DAB4D1-E36E-4F79-BDB6-39B11C4D98DD}.Release|Any CPU.ActiveCfg = Release|Any CPU
		{24DAB4D1-E36E-4F79-BDB6-39B11C4D98DD}.Release|Any CPU.Build.0 = Release|Any CPU
		{AC771B7A-0861-45C4-A5CF-7EBCA2B46B58}.Debug|Any CPU.ActiveCfg = Debug|Any CPU
		{AC771B7A-0861-45C4-A5CF-7EBCA2B46B58}.Debug|Any CPU.Build.0 = Debug|Any CPU
		{AC771B7A-0861-45C4-A5CF-7EBCA2B46B58}.Release|Any CPU.ActiveCfg = Release|Any CPU
		{AC771B7A-0861-45C4-A5CF-7EBCA2B46B58}.Release|Any CPU.Build.0 = Release|Any CPU
	EndGlobalSection
	GlobalSection(SolutionProperties) = preSolution
		HideSolutionNode = FALSE
	EndGlobalSection
	GlobalSection(ExtensibilityGlobals) = postSolution
		SolutionGuid = {2537F490-7782-4175-A3E6-707D110DD0A7}
	EndGlobalSection
EndGlobal
